
Microsoft Visual Studio Solution File, Format Version 12.00
# Visual Studio Version 17
VisualStudioVersion = 17.14.36518.9
MinimumVisualStudioVersion = 10.0.40219.1
Project("{FAE04EC0-301F-11D3-BF4B-00C04F79EFBC}") = "AdvanLinq", "AdvanLinq\AdvanLinq.csproj", "{812240B5-7CFB-4EF6-8696-9D0D65216BE2}"
EndProject
Project("{FAE04EC0-301F-11D3-BF4B-00C04F79EFBC}") = "Reflection", "Reflection\Reflection.csproj", "{70707E9F-D8AA-4460-91E2-971AB259B7FE}"
EndProject
Global
	GlobalSection(SolutionConfigurationPlatforms) = preSolution
		Debug|Any CPU = Debug|Any CPU
		Release|Any CPU = Release|Any CPU
	EndGlobalSection
	GlobalSection(ProjectConfigurationPlatforms) = postSolution
		{812240B5-7CFB-4EF6-8696-9D0D65216BE2}.Debug|Any CPU.ActiveCfg = Debug|Any CPU
		{812240B5-7CFB-4EF6-8696-9D0D65216BE2}.Debug|Any CPU.Build.0 = Debug|Any CPU
		{812240B5-7CFB-4EF6-8696-9D0D65216BE2}.Release|Any CPU.ActiveCfg = Release|Any CPU
		{812240B5-7CFB-4EF6-8696-9D0D65216BE2}.Release|Any CPU.Build.0 = Release|Any CPU
		{70707E9F-D8AA-4460-91E2-971AB259B7FE}.Debug|Any CPU.ActiveCfg = Debug|Any CPU
		{70707E9F-D8AA-4460-91E2-971AB259B7FE}.Debug|Any CPU.Build.0 = Debug|Any CPU
		{70707E9F-D8AA-4460-91E2-971AB259B7FE}.Release|Any CPU.ActiveCfg = Release|Any CPU
		{70707E9F-D8AA-4460-91E2-971AB259B7FE}.Release|Any CPU.Build.0 = Release|Any CPU
	EndGlobalSection
	GlobalSection(SolutionProperties) = preSolution
		HideSolutionNode = FALSE
	EndGlobalSection
	GlobalSection(ExtensibilityGlobals) = postSolution
		SolutionGuid = {156B5667-7313-4EDA-85CD-6067412DAFE7}
	EndGlobalSection
EndGlobal
